# This file is automatically @generated by Cargo.
# It is not intended for manual editing.
version = 4

[[package]]
name = "arrange_it"
version = "0.1.0"

[[package]]
name = "arrays"
version = "0.1.0"

[[package]]
name = "bigger"
version = "0.1.0"

[[package]]
name = "borrow"
version = "0.1.0"

[[package]]
name = "borrow_me_the_reference"
version = "0.1.0"

[[package]]
name = "capitalizing"
version = "0.1.0"

[[package]]
name = "card_deck"
version = "0.1.0"

[[package]]
name = "changes"
version = "0.1.0"

[[package]]
name = "circle"
version = "0.1.0"

[[package]]
name = "copy"
version = "0.1.0"

[[package]]
name = "division_and_remainder"
version = "0.1.0"

[[package]]
name = "doubtful"
version = "0.1.0"

[[package]]
name = "edit_distance"
version = "0.1.0"

[[package]]
name = "fibonacci2"
version = "0.1.0"

[[package]]
name = "find_factorial"
version = "0.1.0"

[[package]]
name = "groceries"
version = "0.1.0"

[[package]]
name = "looping"
version = "0.1.0"

[[package]]
name = "matrix_transposition"
version = "0.1.0"

[[package]]
name = "name_initials"
version = "0.1.0"

[[package]]
name = "ownership"
version = "0.1.0"

[[package]]
name = "piscine-rust"
version = "0.1.0"
dependencies = [
 "arrange_it",
 "arrays",
 "bigger",
 "borrow",
 "borrow_me_the_reference",
 "capitalizing",
 "card_deck",
 "changes",
 "circle",
 "copy",
 "division_and_remainder",
 "doubtful",
 "fibonacci2",
 "find_factorial",
 "groceries",
 "matrix_transposition",
 "name_initials",
 "ownership",
 "reverse_string",
 "scalar",
 "simple_hash",
 "speed_transformation",
 "string_literals",
 "strings",
 "temperature_conv",
 "tic_tac_toe",
 "to_url",
 "tuples_refs",
]

[[package]]
name = "reverse_string"
version = "0.1.0"

[[package]]
name = "scalar"
version = "0.1.0"

[[package]]
name = "simple_hash"
version = "0.1.0"

[[package]]
name = "speed_transformation"
version = "0.1.0"

[[package]]
name = "string_literals"
version = "0.1.0"

[[package]]
name = "strings"
version = "0.1.0"

[[package]]
name = "temperature_conv"
version = "0.1.0"

[[package]]
name = "tic_tac_toe"
version = "0.1.0"

[[package]]
name = "to_url"
version = "0.1.0"

[[package]]
name = "tuples_refs"
version = "0.1.0"
